#MicroXplorer Configuration settings - do not modify
File.Version=6
KeepUserPlacement=false
Mcu.Family=STM32F1
Mcu.IP0=NVIC
Mcu.IP1=RCC
Mcu.IP2=RTC
Mcu.IP3=SYS
Mcu.IPNb=4
Mcu.Name=STM32F103C(8-B)Tx
Mcu.Package=LQFP48
Mcu.Pin0=PC13-TAMPER-RTC
Mcu.Pin1=PC14-OSC32_IN
Mcu.Pin2=PA0-WKUP
Mcu.Pin3=PA13
Mcu.Pin4=PA14
Mcu.Pin5=VP_RTC_VS_RTC_Activate
Mcu.Pin6=VP_SYS_VS_Systick
Mcu.PinsNb=7
Mcu.ThirdPartyNb=0
Mcu.UserConstants=
Mcu.UserName=STM32F103C8Tx
MxCube.Version=4.25.0
MxDb.Version=DB.4.0.250
NVIC.BusFault_IRQn=true\:0\:0\:false\:false\:true\:false
NVIC.DebugMonitor_IRQn=true\:0\:0\:false\:false\:true\:false
NVIC.EXTI0_IRQn=true\:0\:0\:false\:false\:true\:true
NVIC.HardFault_IRQn=true\:0\:0\:false\:false\:true\:false
NVIC.MemoryManagement_IRQn=true\:0\:0\:false\:false\:true\:false
NVIC.NonMaskableInt_IRQn=true\:0\:0\:false\:false\:true\:false
NVIC.PendSV_IRQn=true\:0\:0\:false\:false\:true\:false
NVIC.PriorityGroup=NVIC_PRIORITYGROUP_4
NVIC.SVCall_IRQn=true\:0\:0\:false\:false\:true\:false
NVIC.SysTick_IRQn=true\:0\:0\:false\:false\:true\:false
NVIC.UsageFault_IRQn=true\:0\:0\:false\:false\:true\:false
PA0-WKUP.GPIOParameters=GPIO_PuPd,GPIO_ModeDefaultEXTI
PA0-WKUP.GPIO_ModeDefaultEXTI=GPIO_MODE_IT_FALLING
PA0-WKUP.GPIO_PuPd=GPIO_PULLUP
PA0-WKUP.Locked=true
PA0-WKUP.Signal=GPXTI0
PA13.Mode=Serial_Wire
PA13.Signal=SYS_JTMS-SWDIO
PA14.Mode=Serial_Wire
PA14.Signal=SYS_JTCK-SWCLK
PC13-TAMPER-RTC.Mode=RTC OUT
PC13-TAMPER-RTC.Signal=RTC_OUT
PC14-OSC32_IN.Locked=true
PC14-OSC32_IN.Signal=GPIO_Output
PCC.Checker=false
PCC.Line=STM32F103
PCC.MCU=STM32F103C(8-B)Tx
PCC.PartNumber=STM32F103C8Tx
PCC.Seq0=0
PCC.Series=STM32F1
PCC.Temperature=25
PCC.Vdd=3.3
PinOutPanel.RotationAngle=0
ProjectManager.AskForMigrate=true
ProjectManager.BackupPrevious=false
ProjectManager.CompilerOptimize=3
ProjectManager.ComputerToolchain=false
ProjectManager.CoupleFile=false
ProjectManager.CustomerFirmwarePackage=C\:/Users/Thuong/STM32Cube/Repository/STM32Cube_FW_F1_V1.6.1
ProjectManager.DefaultFWLocation=true
ProjectManager.DeletePrevious=true
ProjectManager.DeviceId=STM32F103C8Tx
ProjectManager.FirmwarePackage=STM32Cube FW_F1 V1.6.1
ProjectManager.FreePins=false
ProjectManager.HalAssertFull=false
ProjectManager.HeapSize=0x200
ProjectManager.KeepUserCode=true
ProjectManager.LastFirmware=true
ProjectManager.LibraryCopy=1
ProjectManager.MainLocation=Src
ProjectManager.PreviousToolchain=
ProjectManager.ProjectBuild=false
ProjectManager.ProjectFileName=Test_Stopmode.ioc
ProjectManager.ProjectName=Test_Stopmode
ProjectManager.StackSize=0x400
ProjectManager.TargetToolchain=MDK-ARM V5
ProjectManager.ToolChainLocation=
ProjectManager.UnderRoot=false
ProjectManager.functionlistsort=1-MX_GPIO_Init-GPIO-false-HAL-true,2-SystemClock_Config-RCC-false-HAL-false,3-MX_RTC_Init-RTC-false-HAL-true
RCC.APB1Freq_Value=8000000
RCC.APB2Freq_Value=8000000
RCC.FamilyName=M
RCC.IPParameters=APB1Freq_Value,APB2Freq_Value,FamilyName,PLLCLKFreq_Value,PLLMCOFreq_Value,TimSysFreq_Value
RCC.PLLCLKFreq_Value=8000000
RCC.PLLMCOFreq_Value=4000000
RCC.TimSysFreq_Value=8000000
RTC.Format=RTC_FORMAT_BIN
RTC.Hours_A-RTC\ OUT=1
RTC.IPParameters=Format,OutPut,Hours_A-RTC OUT,Seconds_A-RTC OUT
RTC.OutPut=RTC_OUTPUTSOURCE_ALARM
RTC.Seconds_A-RTC\ OUT=20
SH.GPXTI0.0=GPIO_EXTI0
SH.GPXTI0.ConfNb=1
VP_RTC_VS_RTC_Activate.Mode=RTC_Enabled
VP_RTC_VS_RTC_Activate.Signal=RTC_VS_RTC_Activate
VP_SYS_VS_Systick.Mode=SysTick
VP_SYS_VS_Systick.Signal=SYS_VS_Systick
board=Test_Stopmode
