#MicroXplorer Configuration settings - do not modify
File.Version=6
KeepUserPlacement=false
Mcu.Family=STM32F1
Mcu.IP0=NVIC
Mcu.IP1=RCC
Mcu.IPNb=2
Mcu.Name=STM32F103R(C-D-E)Tx
Mcu.Package=LQFP64
Mcu.Pin0=PC4
Mcu.Pin1=PC5
Mcu.Pin2=PC6
Mcu.Pin3=PC7
Mcu.Pin4=PC8
Mcu.Pin5=PC9
Mcu.Pin6=PC10
Mcu.Pin7=PC11
Mcu.PinsNb=8
Mcu.UserConstants=
Mcu.UserName=STM32F103RCTx
MxCube.Version=4.21.0
MxDb.Version=DB.4.0.210
NVIC.BusFault_IRQn=true\:0\:0\:false\:false\:true
NVIC.DebugMonitor_IRQn=true\:0\:0\:false\:false\:true
NVIC.HardFault_IRQn=true\:0\:0\:false\:false\:true
NVIC.MemoryManagement_IRQn=true\:0\:0\:false\:false\:true
NVIC.NonMaskableInt_IRQn=true\:0\:0\:false\:false\:true
NVIC.PendSV_IRQn=true\:0\:0\:false\:false\:true
NVIC.PriorityGroup=NVIC_PRIORITYGROUP_4
NVIC.SVCall_IRQn=true\:0\:0\:false\:false\:true
NVIC.SysTick_IRQn=true\:0\:0\:false\:false\:true
NVIC.UsageFault_IRQn=true\:0\:0\:false\:false\:true
PC10.GPIOParameters=GPIO_Speed,PinState,GPIO_Label,GPIO_ModeDefaultOutputPP
PC10.GPIO_Label=D9
PC10.GPIO_ModeDefaultOutputPP=GPIO_MODE_OUTPUT_PP
PC10.GPIO_Speed=GPIO_SPEED_FREQ_HIGH
PC10.Locked=true
PC10.PinState=GPIO_PIN_SET
PC10.Signal=GPIO_Output
PC11.GPIOParameters=GPIO_Speed,PinState,GPIO_Label,GPIO_ModeDefaultOutputPP
PC11.GPIO_Label=D10
PC11.GPIO_ModeDefaultOutputPP=GPIO_MODE_OUTPUT_PP
PC11.GPIO_Speed=GPIO_SPEED_FREQ_HIGH
PC11.Locked=true
PC11.PinState=GPIO_PIN_SET
PC11.Signal=GPIO_Output
PC4.GPIOParameters=GPIO_Speed,PinState,GPIO_Label,GPIO_ModeDefaultOutputPP
PC4.GPIO_Label=D3
PC4.GPIO_ModeDefaultOutputPP=GPIO_MODE_OUTPUT_PP
PC4.GPIO_Speed=GPIO_SPEED_FREQ_HIGH
PC4.Locked=true
PC4.PinState=GPIO_PIN_SET
PC4.Signal=GPIO_Output
PC5.GPIOParameters=GPIO_Speed,PinState,GPIO_Label,GPIO_ModeDefaultOutputPP
PC5.GPIO_Label=D4
PC5.GPIO_ModeDefaultOutputPP=GPIO_MODE_OUTPUT_PP
PC5.GPIO_Speed=GPIO_SPEED_FREQ_HIGH
PC5.Locked=true
PC5.PinState=GPIO_PIN_SET
PC5.Signal=GPIO_Output
PC6.GPIOParameters=GPIO_Speed,PinState,GPIO_Label,GPIO_ModeDefaultOutputPP
PC6.GPIO_Label=D5
PC6.GPIO_ModeDefaultOutputPP=GPIO_MODE_OUTPUT_PP
PC6.GPIO_Speed=GPIO_SPEED_FREQ_HIGH
PC6.Locked=true
PC6.PinState=GPIO_PIN_SET
PC6.Signal=GPIO_Output
PC7.GPIOParameters=GPIO_Speed,PinState,GPIO_Label,GPIO_ModeDefaultOutputPP
PC7.GPIO_Label=D6
PC7.GPIO_ModeDefaultOutputPP=GPIO_MODE_OUTPUT_PP
PC7.GPIO_Speed=GPIO_SPEED_FREQ_HIGH
PC7.Locked=true
PC7.PinState=GPIO_PIN_SET
PC7.Signal=GPIO_Output
PC8.GPIOParameters=GPIO_Speed,PinState,GPIO_Label,GPIO_ModeDefaultOutputPP
PC8.GPIO_Label=D7
PC8.GPIO_ModeDefaultOutputPP=GPIO_MODE_OUTPUT_PP
PC8.GPIO_Speed=GPIO_SPEED_FREQ_HIGH
PC8.Locked=true
PC8.PinState=GPIO_PIN_SET
PC8.Signal=GPIO_Output
PC9.GPIOParameters=GPIO_Speed,PinState,GPIO_Label,GPIO_ModeDefaultOutputPP
PC9.GPIO_Label=D8
PC9.GPIO_ModeDefaultOutputPP=GPIO_MODE_OUTPUT_PP
PC9.GPIO_Speed=GPIO_SPEED_FREQ_HIGH
PC9.Locked=true
PC9.PinState=GPIO_PIN_SET
PC9.Signal=GPIO_Output
PCC.Checker=false
PCC.Line=STM32F103
PCC.MCU=STM32F103R(C-D-E)Tx
PCC.PartNumber=STM32F103RCTx
PCC.Seq0=0
PCC.Series=STM32F1
PCC.Temperature=25
PCC.Vdd=3.3
ProjectManager.AskForMigrate=true
ProjectManager.BackupPrevious=false
ProjectManager.CompilerOptimize=2
ProjectManager.ComputerToolchain=false
ProjectManager.CoupleFile=false
ProjectManager.CustomerFirmwarePackage=C\:/Users/thinh/STM32Cube/Repository/STM32Cube_FW_F1_V1.4.0
ProjectManager.DefaultFWLocation=true
ProjectManager.DeletePrevious=true
ProjectManager.DeviceId=STM32F103RCTx
ProjectManager.FirmwarePackage=STM32Cube FW_F1 V1.4.0
ProjectManager.FreePins=false
ProjectManager.HalAssertFull=false
ProjectManager.HeapSize=0x200
ProjectManager.KeepUserCode=true
ProjectManager.LastFirmware=true
ProjectManager.LibraryCopy=0
ProjectManager.PreviousToolchain=
ProjectManager.ProjectBuild=false
ProjectManager.ProjectFileName=TEST LED.ioc
ProjectManager.ProjectName=TEST LED
ProjectManager.StackSize=0x400
ProjectManager.TargetToolchain=MDK-ARM V5
ProjectManager.ToolChainLocation=
ProjectManager.UnderRoot=false
ProjectManager.functionlistsort=1-MX_GPIO_Init-GPIO-false-HAL,2-SystemClock_Config-RCC-false-HAL
RCC.APB1Freq_Value=8000000
RCC.APB2Freq_Value=8000000
RCC.FamilyName=M
RCC.IPParameters=APB1Freq_Value,APB2Freq_Value,FamilyName,PLLCLKFreq_Value,PLLMCOFreq_Value,TimSysFreq_Value
RCC.PLLCLKFreq_Value=8000000
RCC.PLLMCOFreq_Value=4000000
RCC.TimSysFreq_Value=8000000
board=TEST LED
